
Microsoft Visual Studio Solution File, Format Version 12.00
# Visual Studio Version 16
VisualStudioVersion = 16.0.30517.126
MinimumVisualStudioVersion = 10.0.40219.1
Project("{FAE04EC0-301F-11D3-BF4B-00C04F79EFBC}") = "WhileLoops", "WhileLoops\WhileLoops.csproj", "{8AC7EDC8-D0C4-4673-AA16-A75C1B680D66}"
EndProject
Project("{FAE04EC0-301F-11D3-BF4B-00C04F79EFBC}") = "LoginValidation", "LoginValidation\LoginValidation.csproj", "{AF491451-C527-4061-A72B-3CE6943B80ED}"
EndProject
Project("{FAE04EC0-301F-11D3-BF4B-00C04F79EFBC}") = "GuessingGameThreeTries", "GuessingGameThreeTries\GuessingGameThreeTries.csproj", "{34488798-CA66-48A2-80DE-E6833A98100A}"
EndProject
Global
	GlobalSection(SolutionConfigurationPlatforms) = preSolution
		Debug|Any CPU = Debug|Any CPU
		Release|Any CPU = Release|Any CPU
	EndGlobalSection
	GlobalSection(ProjectConfigurationPlatforms) = postSolution
		{8AC7EDC8-D0C4-4673-AA16-A75C1B680D66}.Debug|Any CPU.ActiveCfg = Debug|Any CPU
		{8AC7EDC8-D0C4-4673-AA16-A75C1B680D66}.Debug|Any CPU.Build.0 = Debug|Any CPU
		{8AC7EDC8-D0C4-4673-AA16-A75C1B680D66}.Release|Any CPU.ActiveCfg = Release|Any CPU
		{8AC7EDC8-D0C4-4673-AA16-A75C1B680D66}.Release|Any CPU.Build.0 = Release|Any CPU
		{AF491451-C527-4061-A72B-3CE6943B80ED}.Debug|Any CPU.ActiveCfg = Debug|Any CPU
		{AF491451-C527-4061-A72B-3CE6943B80ED}.Debug|Any CPU.Build.0 = Debug|Any CPU
		{AF491451-C527-4061-A72B-3CE6943B80ED}.Release|Any CPU.ActiveCfg = Release|Any CPU
		{AF491451-C527-4061-A72B-3CE6943B80ED}.Release|Any CPU.Build.0 = Release|Any CPU
		{34488798-CA66-48A2-80DE-E6833A98100A}.Debug|Any CPU.ActiveCfg = Debug|Any CPU
		{34488798-CA66-48A2-80DE-E6833A98100A}.Debug|Any CPU.Build.0 = Debug|Any CPU
		{34488798-CA66-48A2-80DE-E6833A98100A}.Release|Any CPU.ActiveCfg = Release|Any CPU
		{34488798-CA66-48A2-80DE-E6833A98100A}.Release|Any CPU.Build.0 = Release|Any CPU
	EndGlobalSection
	GlobalSection(SolutionProperties) = preSolution
		HideSolutionNode = FALSE
	EndGlobalSection
	GlobalSection(ExtensibilityGlobals) = postSolution
		SolutionGuid = {90111415-2034-4C67-A794-D896E2ED996A}
	EndGlobalSection
EndGlobal
