
Microsoft Visual Studio Solution File, Format Version 12.00
# Visual Studio Version 16
VisualStudioVersion = 16.0.30517.126
MinimumVisualStudioVersion = 10.0.40219.1
Project("{FAE04EC0-301F-11D3-BF4B-00C04F79EFBC}") = "küpsisetort", "küpsisetort\küpsisetort.csproj", "{315EAABC-9427-4A93-B4F8-218616B4A6AB}"
EndProject
Global
	GlobalSection(SolutionConfigurationPlatforms) = preSolution
		Debug|Any CPU = Debug|Any CPU
		Release|Any CPU = Release|Any CPU
	EndGlobalSection
	GlobalSection(ProjectConfigurationPlatforms) = postSolution
		{315EAABC-9427-4A93-B4F8-218616B4A6AB}.Debug|Any CPU.ActiveCfg = Debug|Any CPU
		{315EAABC-9427-4A93-B4F8-218616B4A6AB}.Debug|Any CPU.Build.0 = Debug|Any CPU
		{315EAABC-9427-4A93-B4F8-218616B4A6AB}.Release|Any CPU.ActiveCfg = Release|Any CPU
		{315EAABC-9427-4A93-B4F8-218616B4A6AB}.Release|Any CPU.Build.0 = Release|Any CPU
	EndGlobalSection
	GlobalSection(SolutionProperties) = preSolution
		HideSolutionNode = FALSE
	EndGlobalSection
	GlobalSection(ExtensibilityGlobals) = postSolution
		SolutionGuid = {92EFE072-A705-4969-8CF4-06E05016102D}
	EndGlobalSection
EndGlobal
