
Microsoft Visual Studio Solution File, Format Version 12.00
# Visual Studio Version 16
VisualStudioVersion = 16.0.30517.126
MinimumVisualStudioVersion = 10.0.40219.1
Project("{FAE04EC0-301F-11D3-BF4B-00C04F79EFBC}") = "georg - martin traksnumber guesser", "georg - martin traksnumber guesser\georg - martin traksnumber guesser.csproj", "{5AF86AA2-6CDF-449E-9DA5-B977485CF8BF}"
EndProject
Global
	GlobalSection(SolutionConfigurationPlatforms) = preSolution
		Debug|Any CPU = Debug|Any CPU
		Release|Any CPU = Release|Any CPU
	EndGlobalSection
	GlobalSection(ProjectConfigurationPlatforms) = postSolution
		{5AF86AA2-6CDF-449E-9DA5-B977485CF8BF}.Debug|Any CPU.ActiveCfg = Debug|Any CPU
		{5AF86AA2-6CDF-449E-9DA5-B977485CF8BF}.Debug|Any CPU.Build.0 = Debug|Any CPU
		{5AF86AA2-6CDF-449E-9DA5-B977485CF8BF}.Release|Any CPU.ActiveCfg = Release|Any CPU
		{5AF86AA2-6CDF-449E-9DA5-B977485CF8BF}.Release|Any CPU.Build.0 = Release|Any CPU
	EndGlobalSection
	GlobalSection(SolutionProperties) = preSolution
		HideSolutionNode = FALSE
	EndGlobalSection
	GlobalSection(ExtensibilityGlobals) = postSolution
		SolutionGuid = {962D6150-31F3-4E77-BAD5-263B03202869}
	EndGlobalSection
EndGlobal
